PODS:
  - AMPopTip (3.5.0)
  - Bolts (1.9.0):
    - Bolts/AppLinks (= 1.9.0)
    - Bolts/Tasks (= 1.9.0)
  - Bolts/AppLinks (1.9.0):
    - Bolts/Tasks
  - Bolts/Tasks (1.9.0)
  - BubbleTransition (3.2.0)
  - Charts (3.2.1):
    - Charts/Core (= 3.2.1)
  - Charts/Core (3.2.1)
  - ChimpKit (3.1.1)
  - Crashlytics (3.12.0):
    - Fabric (~> 1.9.0)
  - DataCache (1.4)
  - DZNEmptyDataSet (1.8.1)
  - Fabric (1.9.0)
  - FBSDKCoreKit (4.40.0):
    - Bolts (~> 1.9)
  - FBSDKLoginKit (4.40.0):
    - FBSDKCoreKit
  - FBSDKShareKit (4.40.0):
    - FBSDKCoreKit
  - MDCSwipeToChoose (0.2.4)
  - NVActivityIndicatorView (4.6.1):
    - NVActivityIndicatorView/Presenter (= 4.6.1)
  - NVActivityIndicatorView/Presenter (4.6.1)
  - Parse (1.17.2):
    - Parse/Core (= 1.17.2)
  - Parse/Core (1.17.2):
    - Bolts/Tasks (~> 1.9)
  - Parse/FacebookUtils (1.17.2):
    - Bolts (~> 1.9)
    - FBSDKLoginKit (~> 4.33)
    - Parse/Core
  - Parse/TwitterUtils (1.17.2):
    - Parse/Core
  - Parse/UI (1.17.2):
    - Parse/Core
  - ReachabilitySwift (4.3.0)
  - SDVersion (4.3.2)
  - SKSplashView (0.1.2)
  - SwiftyJSON (4.2.0)
  - SWXMLHash (4.7.6)
  - TwitterCore (3.2.0)
  - TwitterKit (3.4.2):
    - TwitterCore (>= 3.2.0)

DEPENDENCIES:
  - AMPopTip
  - BubbleTransition
  - Charts
  - ChimpKit
  - Crashlytics
  - DataCache (from `https://github.com/huynguyencong/DataCache.git`)
  - DZNEmptyDataSet
  - FBSDKCoreKit
  - FBSDKLoginKit
  - FBSDKShareKit
  - MDCSwipeToChoose (from `https://github.com/acegreen/MDCSwipeToChoose.git`)
  - NVActivityIndicatorView
  - Parse
  - Parse/FacebookUtils
  - Parse/TwitterUtils
  - Parse/UI
  - ReachabilitySwift
  - SDVersion
  - SKSplashView (from `https://github.com/acegreen/SKSplashView.git`, branch `ag-improvements`)
  - SwiftyJSON
  - SWXMLHash
  - TwitterKit

SPEC REPOS:
  https://github.com/cocoapods/specs.git:
    - AMPopTip
    - Bolts
    - BubbleTransition
    - Charts
    - ChimpKit
    - Crashlytics
    - DZNEmptyDataSet
    - Fabric
    - FBSDKCoreKit
    - FBSDKLoginKit
    - FBSDKShareKit
    - NVActivityIndicatorView
    - Parse
    - ReachabilitySwift
    - SDVersion
    - SwiftyJSON
    - SWXMLHash
    - TwitterCore
    - TwitterKit

EXTERNAL SOURCES:
  DataCache:
    :git: https://github.com/huynguyencong/DataCache.git
  MDCSwipeToChoose:
    :git: https://github.com/acegreen/MDCSwipeToChoose.git
  SKSplashView:
    :branch: ag-improvements
    :git: https://github.com/acegreen/SKSplashView.git

CHECKOUT OPTIONS:
  DataCache:
    :commit: 388549d75f551ffaf9ce3b84147d764f49656fd3
    :git: https://github.com/huynguyencong/DataCache.git
  MDCSwipeToChoose:
    :commit: 58bddcb06aa06e64b2980973efcd0ea78cf0d292
    :git: https://github.com/acegreen/MDCSwipeToChoose.git
  SKSplashView:
    :commit: c56a7cee52f75473117eb2597b1b160dd9915f22
    :git: https://github.com/acegreen/SKSplashView.git

SPEC CHECKSUMS:
  AMPopTip: 871ae0570b68fe396e714922b3f7d8ed6a36bb71
  Bolts: ac6567323eac61e203f6a9763667d0f711be34c8
  BubbleTransition: 2f112cc19772d9ab199bc850de92f5eb34744bce
  Charts: f122fb70b19847fa5817d018b77d6c5a2296ab25
  ChimpKit: d020126089544daa349397a91f1489a3f271b791
  Crashlytics: 07fb167b1694128c1c9a5a5cc319b0e9c3ca0933
  DataCache: 58345b1a6c12fed9919fe4c00716ede7bc7e8142
  DZNEmptyDataSet: 9525833b9e68ac21c30253e1d3d7076cc828eaa7
  Fabric: f988e33c97f08930a413e08123064d2e5f68d655
  FBSDKCoreKit: ae214474b25033399c131dc81d258e412582a2ba
  FBSDKLoginKit: 7a1e411d46acc8834588eca437daf34de42e1d52
  FBSDKShareKit: 0e45916f4150da485928ae2a17ca021950b194f5
  MDCSwipeToChoose: 0b76254bd803600be2a7430029bfdbec27785e27
  NVActivityIndicatorView: 4ca19fccc84595a78957336a086d00a49be6ce61
  Parse: 3b31a3dd1777b07ee7f0caee32fafbff544483a5
  ReachabilitySwift: 408477d1b6ed9779dba301953171e017c31241f3
  SDVersion: 18f32c835c1543611fcfae3c6accd9a04b90597e
  SKSplashView: c65333b6707be6f237d09e7c8977941114b0a70d
  SwiftyJSON: c4bcba26dd9ec7a027fc8eade48e2c911f229e96
  SWXMLHash: f6e0933ce74f2626669dc544851bc9fc1941670d
  TwitterCore: 8cbc9ad34d91c63a0035ea05bfbfc0d7ca72a28c
  TwitterKit: 5e4f41d70b9abdb41df5467f52d7aa2c0fd26ebb

PODFILE CHECKSUM: 2406ba2663d37cfa3389dd3b19a04eb983ba5f12

COCOAPODS: 1.6.0
