PODS:
  - AMPopTip (1.3.0)
  - Appsee (2.2)
  - Bolts (1.8.4):
    - Bolts/AppLinks (= 1.8.4)
    - Bolts/Tasks (= 1.8.4)
  - Bolts/AppLinks (1.8.4):
    - Bolts/Tasks
  - Bolts/Tasks (1.8.4)
  - BubbleTransition (2.0.0)
  - Charts (2.2.5):
    - Charts/Core (= 2.2.5)
  - Charts/Core (2.2.5)
  - ChimpKit (3.1.1)
  - Crashlytics (3.8.2):
    - Fabric (~> 1.6.3)
  - DataCache (1.2)
  - DZNEmptyDataSet (1.8.1)
  - Fabric (1.6.8)
  - FBSDKCoreKit (4.15.1):
    - Bolts (~> 1.7)
  - FBSDKLoginKit (4.15.1):
    - FBSDKCoreKit
  - FBSDKShareKit (4.15.1):
    - FBSDKCoreKit
  - LaunchKit (2.1.4):
    - LaunchKit/LaunchKit (= 2.1.4)
  - LaunchKit/LaunchKit (2.1.4)
  - MDCSwipeToChoose (0.2.4)
  - NVActivityIndicatorView (3.0)
  - Parse (1.14.2):
    - Bolts/Tasks (~> 1.8)
  - ParseFacebookUtilsV4 (1.11.1):
    - Bolts/Tasks (>= 1.6)
    - FBSDKCoreKit (~> 4.10)
    - FBSDKLoginKit (~> 4.10)
    - FBSDKTVOSKit (~> 4.10)
    - Parse (~> 1.12)
  - ParseTwitterUtils (1.11.0):
    - Bolts/Tasks (~> 1.7)
    - Parse (~> 1.13)
  - ParseUI (1.2.0):
    - Bolts/Tasks (~> 1.3)
    - Parse (~> 1.9)
  - ReachabilitySwift (2.3.3)
  - Rollout.io (1.3.1)
  - SDVersion (3.6)
  - SKSplashView (0.1.2)
  - SwiftyJSON (2.3.2)
  - SWXMLHash (3.0.2)
  - TwitterCore (2.4.0):
    - Fabric
  - TwitterKit (2.4.0):
    - TwitterCore (= 2.4.0)

DEPENDENCIES:
  - AMPopTip
  - Appsee
  - BubbleTransition
  - Charts (from `https://github.com/danielgindi/Charts.git`, branch `Chart2.2.5-Swift3.0`)
  - ChimpKit
  - Crashlytics
  - DataCache (from `https://github.com/huynguyencong/DataCache.git`)
  - DZNEmptyDataSet
  - FBSDKShareKit
  - LaunchKit
  - MDCSwipeToChoose (from `https://github.com/acegreen/MDCSwipeToChoose.git`)
  - NVActivityIndicatorView
  - Parse
  - ParseFacebookUtilsV4
  - ParseTwitterUtils
  - ParseUI
  - ReachabilitySwift (from `https://github.com/ashleymills/Reachability.swift.git`, branch `feature/ios10`)
  - Rollout.io
  - SDVersion
  - SKSplashView (from `https://github.com/acegreen/SKSplashView.git`, branch `ag-improvements`)
  - SwiftyJSON (from `https://github.com/acegreen/SwiftyJSON.git`, branch `swift3`)
  - SWXMLHash
  - TwitterKit

EXTERNAL SOURCES:
  Charts:
    :branch: Chart2.2.5-Swift3.0
    :git: https://github.com/danielgindi/Charts.git
  DataCache:
    :git: https://github.com/huynguyencong/DataCache.git
  MDCSwipeToChoose:
    :git: https://github.com/acegreen/MDCSwipeToChoose.git
  ReachabilitySwift:
    :branch: feature/ios10
    :git: https://github.com/ashleymills/Reachability.swift.git
  SKSplashView:
    :branch: ag-improvements
    :git: https://github.com/acegreen/SKSplashView.git
  SwiftyJSON:
    :branch: swift3
    :git: https://github.com/acegreen/SwiftyJSON.git

CHECKOUT OPTIONS:
  Charts:
    :commit: ab3bb619df2c2d165b41736b6bc25a4218833252
    :git: https://github.com/danielgindi/Charts.git
  DataCache:
    :commit: e3ffb47844987203dbd71b4fdbeb7181d0398f94
    :git: https://github.com/huynguyencong/DataCache.git
  MDCSwipeToChoose:
    :commit: 759f5060c350d533e046ef53f88515552278a706
    :git: https://github.com/acegreen/MDCSwipeToChoose.git
  ReachabilitySwift:
    :commit: 3c7e72ac66186e2477d07d36e2b4589fb5e855d8
    :git: https://github.com/ashleymills/Reachability.swift.git
  SKSplashView:
    :commit: c56a7cee52f75473117eb2597b1b160dd9915f22
    :git: https://github.com/acegreen/SKSplashView.git
  SwiftyJSON:
    :commit: 8971384559780e631b041ac91b16734a396d4c14
    :git: https://github.com/acegreen/SwiftyJSON.git

SPEC CHECKSUMS:
  AMPopTip: b810a33c120feacafce170cc9ddcaa8ce3a8389d
  Appsee: c95173e65acaab0ffc8a082c70633c9f5f45d5f0
  Bolts: 8a7995239dbe724f9cba2248b766d48b7ebdd322
  BubbleTransition: bdb9d71993b8d3513008e2dda6bada1ddad25d4f
  Charts: b48fcc8d7190de910ff9e9748f5360c8ea7856e5
  ChimpKit: d020126089544daa349397a91f1489a3f271b791
  Crashlytics: 27acca95a01b042a8294291dd6dff27f8f6af6d7
  DataCache: f7682fbe2cb74bc79849744b6a597edca4fc786f
  DZNEmptyDataSet: 9525833b9e68ac21c30253e1d3d7076cc828eaa7
  Fabric: 5755268d0171435ab167e3d0878a28a777deaf10
  FBSDKCoreKit: fc7fa53d16b095ee3fd53f0cd59f1df8bcbb634d
  FBSDKLoginKit: 073f79b3b2e762fc6f54a283fe15f45372d59f5f
  FBSDKShareKit: 11cbb5a4d7b5fda8143cc95b76188147e6725736
  LaunchKit: 95ad4fb171a0f8ea1c80aa26d4fb7bd637788f9c
  MDCSwipeToChoose: 0b76254bd803600be2a7430029bfdbec27785e27
  NVActivityIndicatorView: 81953b5e65093ba79edf4fe7268e002039ca5268
  Parse: 4335d65f40cb3d43190d723144bbe1afb9c38230
  ParseFacebookUtilsV4: 2f30c2b7021c8005d3042781da7ef87d06589421
  ParseTwitterUtils: 0dde9689565e7012d83f892c64aed2ebe69f2ea9
  ParseUI: af2eba584799da4a9fbdac0e178662d7438b502e
  ReachabilitySwift: e0f6b6f280effb47731acfaaa2d5ffe223703793
  Rollout.io: e2374975b36769db594ecbe8738e13f8a5b202c8
  SDVersion: 43383b6ac05462c973c3fd92d9748c74e360aba5
  SKSplashView: c65333b6707be6f237d09e7c8977941114b0a70d
  SwiftyJSON: 04ccea08915aa0109039157c7974cf0298da292a
  SWXMLHash: e0f6935971f01b06fb228cf435510d998ecde647
  TwitterCore: a139904c80805ad3dde9eef1100704f96f646d1d
  TwitterKit: 1cf9742edf9d182c1518cfdd6aaac0dfe313b38b

PODFILE CHECKSUM: f3d735505b7c314d1e1ca834e4a6435f92338387

COCOAPODS: 1.1.0.rc.2
