PODS:
  - AMPopTip (1.3.0)
  - Appsee (2.3)
  - Bolts (1.8.4):
    - Bolts/AppLinks (= 1.8.4)
    - Bolts/Tasks (= 1.8.4)
  - Bolts/AppLinks (1.8.4):
    - Bolts/Tasks
  - Bolts/Tasks (1.8.4)
  - BubbleTransition (2.0.0)
  - Charts (3.0.0):
    - Charts/Core (= 3.0.0)
  - Charts/Core (3.0.0)
  - ChimpKit (3.1.1)
  - Crashlytics (3.8.3):
    - Fabric (~> 1.6.3)
  - DataCache (1.2.2)
  - DZNEmptyDataSet (1.8.1)
  - Fabric (1.6.10)
  - FBSDKCoreKit (4.16.1):
    - Bolts (~> 1.7)
  - FBSDKLoginKit (4.16.1):
    - FBSDKCoreKit
  - FBSDKShareKit (4.16.1):
    - FBSDKCoreKit
  - LaunchKit (2.1.4):
    - LaunchKit/LaunchKit (= 2.1.4)
  - LaunchKit/LaunchKit (2.1.4)
  - MDCSwipeToChoose (0.2.4)
  - NVActivityIndicatorView (3.0)
  - Parse (1.14.2):
    - Bolts/Tasks (~> 1.8)
  - ParseFacebookUtilsV4 (1.11.1):
    - Bolts/Tasks (>= 1.6)
    - FBSDKCoreKit (~> 4.10)
    - FBSDKLoginKit (~> 4.10)
    - FBSDKTVOSKit (~> 4.10)
    - Parse (~> 1.12)
  - ParseTwitterUtils (1.11.0):
    - Bolts/Tasks (~> 1.7)
    - Parse (~> 1.13)
  - ParseUI (1.2.0):
    - Bolts/Tasks (~> 1.3)
    - Parse (~> 1.9)
  - ReachabilitySwift (3)
  - Rollout.io (1.5.1)
  - SDVersion (3.6)
  - SKSplashView (0.1.2)
  - SwiftyJSON (3.1.1)
  - SWXMLHash (3.0.2)
  - TwitterCore (2.5.0):
    - Fabric
  - TwitterKit (2.5.0):
    - TwitterCore (= 2.5.0)

DEPENDENCIES:
  - AMPopTip
  - Appsee
  - BubbleTransition
  - Charts
  - ChimpKit
  - Crashlytics
  - DataCache (from `https://github.com/huynguyencong/DataCache.git`)
  - DZNEmptyDataSet
  - FBSDKShareKit
  - LaunchKit
  - MDCSwipeToChoose (from `https://github.com/acegreen/MDCSwipeToChoose.git`)
  - NVActivityIndicatorView
  - Parse
  - ParseFacebookUtilsV4
  - ParseTwitterUtils
  - ParseUI
  - ReachabilitySwift
  - Rollout.io
  - SDVersion
  - SKSplashView (from `https://github.com/acegreen/SKSplashView.git`, branch `ag-improvements`)
  - SwiftyJSON
  - SWXMLHash
  - TwitterKit

EXTERNAL SOURCES:
  DataCache:
    :git: https://github.com/huynguyencong/DataCache.git
  MDCSwipeToChoose:
    :git: https://github.com/acegreen/MDCSwipeToChoose.git
  SKSplashView:
    :branch: ag-improvements
    :git: https://github.com/acegreen/SKSplashView.git

CHECKOUT OPTIONS:
  DataCache:
    :commit: 494bff94a77fd9f0ba23cc7f9f1d646142f6cf95
    :git: https://github.com/huynguyencong/DataCache.git
  MDCSwipeToChoose:
    :commit: 759f5060c350d533e046ef53f88515552278a706
    :git: https://github.com/acegreen/MDCSwipeToChoose.git
  SKSplashView:
    :commit: c56a7cee52f75473117eb2597b1b160dd9915f22
    :git: https://github.com/acegreen/SKSplashView.git

SPEC CHECKSUMS:
  AMPopTip: b810a33c120feacafce170cc9ddcaa8ce3a8389d
  Appsee: 3f57734813c0bb22f5c0c6bb412c6140f23fd2fb
  Bolts: 8a7995239dbe724f9cba2248b766d48b7ebdd322
  BubbleTransition: bdb9d71993b8d3513008e2dda6bada1ddad25d4f
  Charts: beb341928d2135613b4325a6c6aff9f2f6de895e
  ChimpKit: d020126089544daa349397a91f1489a3f271b791
  Crashlytics: 2b6dbe138a42395577cfa73dfa1aa7248cadf39e
  DataCache: aab67eb89877e40e4d56f345a160d10b6f3f80ac
  DZNEmptyDataSet: 9525833b9e68ac21c30253e1d3d7076cc828eaa7
  Fabric: c73f371ee543e3f0b80608f2674750e4910d1669
  FBSDKCoreKit: 6feac4e8921ccd7afa83fb1df6291dc6eec42c7c
  FBSDKLoginKit: 469a56cebe2e1ed62b1621d0b155970fd6aac2d8
  FBSDKShareKit: 53af0239b5bd2ebf191f32f75991245a208cc982
  LaunchKit: 95ad4fb171a0f8ea1c80aa26d4fb7bd637788f9c
  MDCSwipeToChoose: 0b76254bd803600be2a7430029bfdbec27785e27
  NVActivityIndicatorView: 81953b5e65093ba79edf4fe7268e002039ca5268
  Parse: 4335d65f40cb3d43190d723144bbe1afb9c38230
  ParseFacebookUtilsV4: 2f30c2b7021c8005d3042781da7ef87d06589421
  ParseTwitterUtils: 0dde9689565e7012d83f892c64aed2ebe69f2ea9
  ParseUI: af2eba584799da4a9fbdac0e178662d7438b502e
  ReachabilitySwift: f5b9bb30a0777fac8f09ce8b067e32faeb29bb64
  Rollout.io: 633918322ee94d38bf1a1f761f12eaf83d724cc0
  SDVersion: 43383b6ac05462c973c3fd92d9748c74e360aba5
  SKSplashView: c65333b6707be6f237d09e7c8977941114b0a70d
  SwiftyJSON: f0be2e604f83e8405a624e9f891898bf6ed4e019
  SWXMLHash: e0f6935971f01b06fb228cf435510d998ecde647
  TwitterCore: 95c46af93112768a7983bd370d66023553601d01
  TwitterKit: dd8042698b0ff5bd3066fa919b3b2b50d8eed829

PODFILE CHECKSUM: 02ac816521d2c93c853d74fb20f7e9d1d381cf96

COCOAPODS: 1.1.1
